
Microsoft Visual Studio Solution File, Format Version 12.00
# Visual Studio Version 17
VisualStudioVersion = 17.0.31903.59
MinimumVisualStudioVersion = 10.0.40219.1
Project("{FAE04EC0-301F-11D3-BF4B-00C04F79EFBC}") = "Api", "Api\Api.csproj", "{1418A5F8-4154-4883-A77D-4378722096D7}"
EndProject
Project("{FAE04EC0-301F-11D3-BF4B-00C04F79EFBC}") = "Application", "Application\Application.csproj", "{5E4BAD9D-DF0E-4852-800A-A4E617EC4AA0}"
EndProject
Project("{FAE04EC0-301F-11D3-BF4B-00C04F79EFBC}") = "Domain", "Domain\Domain.csproj", "{E82FB21A-0288-43CA-9A80-3D81DC986CC8}"
EndProject
Project("{FAE04EC0-301F-11D3-BF4B-00C04F79EFBC}") = "Infrastructure", "Infrastructure\Infrastructure.csproj", "{DE7842A0-07B0-466F-8F69-AD00262FA12B}"
EndProject
Project("{FAE04EC0-301F-11D3-BF4B-00C04F79EFBC}") = "Shared", "Shared\Shared.csproj", "{96673BE4-9C38-4EE6-BE00-CC33C97684EF}"
EndProject
Global
	GlobalSection(SolutionConfigurationPlatforms) = preSolution
		Debug|Any CPU = Debug|Any CPU
		Debug|x64 = Debug|x64
		Debug|x86 = Debug|x86
		Release|Any CPU = Release|Any CPU
		Release|x64 = Release|x64
		Release|x86 = Release|x86
	EndGlobalSection
	GlobalSection(ProjectConfigurationPlatforms) = postSolution
		{1418A5F8-4154-4883-A77D-4378722096D7}.Debug|Any CPU.ActiveCfg = Debug|Any CPU
		{1418A5F8-4154-4883-A77D-4378722096D7}.Debug|Any CPU.Build.0 = Debug|Any CPU
		{1418A5F8-4154-4883-A77D-4378722096D7}.Debug|x64.ActiveCfg = Debug|Any CPU
		{1418A5F8-4154-4883-A77D-4378722096D7}.Debug|x64.Build.0 = Debug|Any CPU
		{1418A5F8-4154-4883-A77D-4378722096D7}.Debug|x86.ActiveCfg = Debug|Any CPU
		{1418A5F8-4154-4883-A77D-4378722096D7}.Debug|x86.Build.0 = Debug|Any CPU
		{1418A5F8-4154-4883-A77D-4378722096D7}.Release|Any CPU.ActiveCfg = Release|Any CPU
		{1418A5F8-4154-4883-A77D-4378722096D7}.Release|Any CPU.Build.0 = Release|Any CPU
		{1418A5F8-4154-4883-A77D-4378722096D7}.Release|x64.ActiveCfg = Release|Any CPU
		{1418A5F8-4154-4883-A77D-4378722096D7}.Release|x64.Build.0 = Release|Any CPU
		{1418A5F8-4154-4883-A77D-4378722096D7}.Release|x86.ActiveCfg = Release|Any CPU
		{1418A5F8-4154-4883-A77D-4378722096D7}.Release|x86.Build.0 = Release|Any CPU
		{5E4BAD9D-DF0E-4852-800A-A4E617EC4AA0}.Debug|Any CPU.ActiveCfg = Debug|Any CPU
		{5E4BAD9D-DF0E-4852-800A-A4E617EC4AA0}.Debug|Any CPU.Build.0 = Debug|Any CPU
		{5E4BAD9D-DF0E-4852-800A-A4E617EC4AA0}.Debug|x64.ActiveCfg = Debug|Any CPU
		{5E4BAD9D-DF0E-4852-800A-A4E617EC4AA0}.Debug|x64.Build.0 = Debug|Any CPU
		{5E4BAD9D-DF0E-4852-800A-A4E617EC4AA0}.Debug|x86.ActiveCfg = Debug|Any CPU
		{5E4BAD9D-DF0E-4852-800A-A4E617EC4AA0}.Debug|x86.Build.0 = Debug|Any CPU
		{5E4BAD9D-DF0E-4852-800A-A4E617EC4AA0}.Release|Any CPU.ActiveCfg = Release|Any CPU
		{5E4BAD9D-DF0E-4852-800A-A4E617EC4AA0}.Release|Any CPU.Build.0 = Release|Any CPU
		{5E4BAD9D-DF0E-4852-800A-A4E617EC4AA0}.Release|x64.ActiveCfg = Release|Any CPU
		{5E4BAD9D-DF0E-4852-800A-A4E617EC4AA0}.Release|x64.Build.0 = Release|Any CPU
		{5E4BAD9D-DF0E-4852-800A-A4E617EC4AA0}.Release|x86.ActiveCfg = Release|Any CPU
		{5E4BAD9D-DF0E-4852-800A-A4E617EC4AA0}.Release|x86.Build.0 = Release|Any CPU
		{E82FB21A-0288-43CA-9A80-3D81DC986CC8}.Debug|Any CPU.ActiveCfg = Debug|Any CPU
		{E82FB21A-0288-43CA-9A80-3D81DC986CC8}.Debug|Any CPU.Build.0 = Debug|Any CPU
		{E82FB21A-0288-43CA-9A80-3D81DC986CC8}.Debug|x64.ActiveCfg = Debug|Any CPU
		{E82FB21A-0288-43CA-9A80-3D81DC986CC8}.Debug|x64.Build.0 = Debug|Any CPU
		{E82FB21A-0288-43CA-9A80-3D81DC986CC8}.Debug|x86.ActiveCfg = Debug|Any CPU
		{E82FB21A-0288-43CA-9A80-3D81DC986CC8}.Debug|x86.Build.0 = Debug|Any CPU
		{E82FB21A-0288-43CA-9A80-3D81DC986CC8}.Release|Any CPU.ActiveCfg = Release|Any CPU
		{E82FB21A-0288-43CA-9A80-3D81DC986CC8}.Release|Any CPU.Build.0 = Release|Any CPU
		{E82FB21A-0288-43CA-9A80-3D81DC986CC8}.Release|x64.ActiveCfg = Release|Any CPU
		{E82FB21A-0288-43CA-9A80-3D81DC986CC8}.Release|x64.Build.0 = Release|Any CPU
		{E82FB21A-0288-43CA-9A80-3D81DC986CC8}.Release|x86.ActiveCfg = Release|Any CPU
		{E82FB21A-0288-43CA-9A80-3D81DC986CC8}.Release|x86.Build.0 = Release|Any CPU
		{DE7842A0-07B0-466F-8F69-AD00262FA12B}.Debug|Any CPU.ActiveCfg = Debug|Any CPU
		{DE7842A0-07B0-466F-8F69-AD00262FA12B}.Debug|Any CPU.Build.0 = Debug|Any CPU
		{DE7842A0-07B0-466F-8F69-AD00262FA12B}.Debug|x64.ActiveCfg = Debug|Any CPU
		{DE7842A0-07B0-466F-8F69-AD00262FA12B}.Debug|x64.Build.0 = Debug|Any CPU
		{DE7842A0-07B0-466F-8F69-AD00262FA12B}.Debug|x86.ActiveCfg = Debug|Any CPU
		{DE7842A0-07B0-466F-8F69-AD00262FA12B}.Debug|x86.Build.0 = Debug|Any CPU
		{DE7842A0-07B0-466F-8F69-AD00262FA12B}.Release|Any CPU.ActiveCfg = Release|Any CPU
		{DE7842A0-07B0-466F-8F69-AD00262FA12B}.Release|Any CPU.Build.0 = Release|Any CPU
		{DE7842A0-07B0-466F-8F69-AD00262FA12B}.Release|x64.ActiveCfg = Release|Any CPU
		{DE7842A0-07B0-466F-8F69-AD00262FA12B}.Release|x64.Build.0 = Release|Any CPU
		{DE7842A0-07B0-466F-8F69-AD00262FA12B}.Release|x86.ActiveCfg = Release|Any CPU
		{DE7842A0-07B0-466F-8F69-AD00262FA12B}.Release|x86.Build.0 = Release|Any CPU
		{96673BE4-9C38-4EE6-BE00-CC33C97684EF}.Debug|Any CPU.ActiveCfg = Debug|Any CPU
		{96673BE4-9C38-4EE6-BE00-CC33C97684EF}.Debug|Any CPU.Build.0 = Debug|Any CPU
		{96673BE4-9C38-4EE6-BE00-CC33C97684EF}.Debug|x64.ActiveCfg = Debug|Any CPU
		{96673BE4-9C38-4EE6-BE00-CC33C97684EF}.Debug|x64.Build.0 = Debug|Any CPU
		{96673BE4-9C38-4EE6-BE00-CC33C97684EF}.Debug|x86.ActiveCfg = Debug|Any CPU
		{96673BE4-9C38-4EE6-BE00-CC33C97684EF}.Debug|x86.Build.0 = Debug|Any CPU
		{96673BE4-9C38-4EE6-BE00-CC33C97684EF}.Release|Any CPU.ActiveCfg = Release|Any CPU
		{96673BE4-9C38-4EE6-BE00-CC33C97684EF}.Release|Any CPU.Build.0 = Release|Any CPU
		{96673BE4-9C38-4EE6-BE00-CC33C97684EF}.Release|x64.ActiveCfg = Release|Any CPU
		{96673BE4-9C38-4EE6-BE00-CC33C97684EF}.Release|x64.Build.0 = Release|Any CPU
		{96673BE4-9C38-4EE6-BE00-CC33C97684EF}.Release|x86.ActiveCfg = Release|Any CPU
		{96673BE4-9C38-4EE6-BE00-CC33C97684EF}.Release|x86.Build.0 = Release|Any CPU
	EndGlobalSection
	GlobalSection(SolutionProperties) = preSolution
		HideSolutionNode = FALSE
	EndGlobalSection
EndGlobal
